
Microsoft Visual Studio Solution File, Format Version 12.00
# Visual Studio Version 16
VisualStudioVersion = 16.0.29806.167
MinimumVisualStudioVersion = 10.0.40219.1
Project("{8BC9CEB8-8B4A-11D0-8D11-00A0C91BC942}") = "SPN_enhance", "SPN_enhance\SPN_enhance.vcxproj", "{5EDE00A1-0578-4426-8916-3127E50A0DBC}"
EndProject
Global
	GlobalSection(SolutionConfigurationPlatforms) = preSolution
		Debug|x64 = Debug|x64
		Debug|x86 = Debug|x86
		Release|x64 = Release|x64
		Release|x86 = Release|x86
	EndGlobalSection
	GlobalSection(ProjectConfigurationPlatforms) = postSolution
		{5EDE00A1-0578-4426-8916-3127E50A0DBC}.Debug|x64.ActiveCfg = Debug|x64
		{5EDE00A1-0578-4426-8916-3127E50A0DBC}.Debug|x64.Build.0 = Debug|x64
		{5EDE00A1-0578-4426-8916-3127E50A0DBC}.Debug|x86.ActiveCfg = Debug|Win32
		{5EDE00A1-0578-4426-8916-3127E50A0DBC}.Debug|x86.Build.0 = Debug|Win32
		{5EDE00A1-0578-4426-8916-3127E50A0DBC}.Release|x64.ActiveCfg = Release|x64
		{5EDE00A1-0578-4426-8916-3127E50A0DBC}.Release|x64.Build.0 = Release|x64
		{5EDE00A1-0578-4426-8916-3127E50A0DBC}.Release|x86.ActiveCfg = Release|Win32
		{5EDE00A1-0578-4426-8916-3127E50A0DBC}.Release|x86.Build.0 = Release|Win32
	EndGlobalSection
	GlobalSection(SolutionProperties) = preSolution
		HideSolutionNode = FALSE
	EndGlobalSection
	GlobalSection(ExtensibilityGlobals) = postSolution
		SolutionGuid = {18596726-99BD-4CE4-AC86-A436CD229BCC}
	EndGlobalSection
EndGlobal
